
Microsoft Visual Studio Solution File, Format Version 12.00
# Visual Studio Version 17
VisualStudioVersion = 17.6.33829.357
MinimumVisualStudioVersion = 10.0.40219.1
Project("{2150E333-8FDC-42A3-9474-1A3956D46DE8}") = "Solution Items", "Solution Items", "{00D5F21B-4110-4807-BC7C-23B3E29C4483}"
	ProjectSection(SolutionItems) = preProject
		.editorconfig = .editorconfig
		..\..\..\..\..\Users\dnquang\Desktop\Architecture.PNG = ..\..\..\..\..\Users\dnquang\Desktop\Architecture.PNG
		docker-compose.override.yml = docker-compose.override.yml
		docker-compose.yml = docker-compose.yml
		global.json = global.json
		README.md = README.md
	EndProjectSection
EndProject
Project("{2150E333-8FDC-42A3-9474-1A3956D46DE8}") = "src", "src", "{1D783554-E984-4AE7-B1EF-FAEBB29042B8}"
EndProject
Project("{2150E333-8FDC-42A3-9474-1A3956D46DE8}") = "tests", "tests", "{DC1EBFA9-D0B6-4590-B210-60019C2866A1}"
EndProject
Project("{2150E333-8FDC-42A3-9474-1A3956D46DE8}") = "ApiGateways", "ApiGateways", "{30043C45-A19A-41D8-85F2-0F7AC113FDFC}"
EndProject
Project("{2150E333-8FDC-42A3-9474-1A3956D46DE8}") = "BuildingBlocks", "BuildingBlocks", "{B9A26A52-1F09-4E90-8986-B76B0D2EAB58}"
EndProject
Project("{2150E333-8FDC-42A3-9474-1A3956D46DE8}") = "Services", "Services", "{ED2F2ACD-09C7-4FD9-A934-875FB6CB2975}"
EndProject
Project("{2150E333-8FDC-42A3-9474-1A3956D46DE8}") = "WebApps", "WebApps", "{376B8B8E-2E82-4712-AD80-DD4F6896677F}"
EndProject
Project("{9A19103F-16F7-4668-BE54-9A1E7A4F7556}") = "Common.Logging", "src\BuildingBlocks\Common.Logging\Common.Logging.csproj", "{1E17F450-A9B8-4B49-9448-9E31E75F5A67}"
EndProject
Project("{9A19103F-16F7-4668-BE54-9A1E7A4F7556}") = "EventBus.Messages", "src\BuildingBlocks\EventBus.Messages\EventBus.Messages.csproj", "{6988DA0E-36CF-471C-90B7-92785E313F10}"
EndProject
Project("{2150E333-8FDC-42A3-9474-1A3956D46DE8}") = "Basket", "Basket", "{0256685E-83BC-434E-A6FD-9F4E53F56FEE}"
EndProject
Project("{2150E333-8FDC-42A3-9474-1A3956D46DE8}") = "Customer", "Customer", "{1D329C74-8DF1-479C-A665-3D2EC9AFB8DE}"
EndProject
Project("{2150E333-8FDC-42A3-9474-1A3956D46DE8}") = "Inventory", "Inventory", "{F6D2A768-5ACC-44B6-8CE4-CE5DC667AA6F}"
EndProject
Project("{2150E333-8FDC-42A3-9474-1A3956D46DE8}") = "Ordering", "Ordering", "{B0A3E46B-14C5-4365-95FD-8157F2E3E869}"
EndProject
Project("{2150E333-8FDC-42A3-9474-1A3956D46DE8}") = "Product", "Product", "{1E4012C1-B995-4708-9C31-8CC04F4A51E8}"
EndProject
Project("{2150E333-8FDC-42A3-9474-1A3956D46DE8}") = "ScheduledJob", "ScheduledJob", "{9E3FDA0C-984E-47D5-B38A-9795C1BE394A}"
EndProject
Project("{9A19103F-16F7-4668-BE54-9A1E7A4F7556}") = "WebHealthStatus", "src\WebApps\WebHealthStatus\WebHealthStatus.csproj", "{6DE21B3B-24D0-4810-BC3F-2188CCABA6FF}"
EndProject
Project("{9A19103F-16F7-4668-BE54-9A1E7A4F7556}") = "Basket.API", "src\Services\Basket\Basket.API\Basket.API.csproj", "{93AC3BBF-8A21-4D93-8B99-15B1902F8E28}"
EndProject
Project("{9A19103F-16F7-4668-BE54-9A1E7A4F7556}") = "Customer.API", "src\Services\Customer\Customer.API\Customer.API.csproj", "{920F94E7-7EC0-4CF6-AA10-00AC6C7EE25F}"
EndProject
Project("{9A19103F-16F7-4668-BE54-9A1E7A4F7556}") = "Inventory.API", "src\Services\Inventory\Inventory.API\Inventory.API.csproj", "{1510F11F-55C1-49B8-9D3E-C2157B99B368}"
EndProject
Project("{9A19103F-16F7-4668-BE54-9A1E7A4F7556}") = "Ordering.API", "src\Services\Ordering\Ordering.API\Ordering.API.csproj", "{8CD9653A-D60C-41F6-8432-F3B8CD84359A}"
EndProject
Project("{9A19103F-16F7-4668-BE54-9A1E7A4F7556}") = "Product.API", "src\Services\Product\Product.API\Product.API.csproj", "{80E412B7-86A8-4729-8C8E-0408593CE36B}"
EndProject
Project("{9A19103F-16F7-4668-BE54-9A1E7A4F7556}") = "Hangfire.API", "src\Services\ScheduledJob\Hangfire.API\Hangfire.API.csproj", "{EA30AC3C-850F-496F-A380-115C4342F4D2}"
EndProject
Project("{9A19103F-16F7-4668-BE54-9A1E7A4F7556}") = "Contracts", "src\BuildingBlocks\Contracts\Contracts\Contracts.csproj", "{8A7021F4-D5CB-403D-B55C-760D819FD403}"
EndProject
Project("{9A19103F-16F7-4668-BE54-9A1E7A4F7556}") = "Infras", "src\BuildingBlocks\Infras\Infras\Infras.csproj", "{F7879FC0-206E-4691-A6FE-1F19BCD03AAE}"
EndProject
Project("{9A19103F-16F7-4668-BE54-9A1E7A4F7556}") = "Shared", "src\BuildingBlocks\Shared\Shared\Shared.csproj", "{334E4747-6C96-4843-85F3-3E596A3D5E8C}"
EndProject
Project("{9A19103F-16F7-4668-BE54-9A1E7A4F7556}") = "OcelotApiGw", "src\ApiGateways\OcelotApiGw\OcelotApiGw.csproj", "{054D028D-CB2A-435A-84FC-50E55A47404E}"
EndProject
Global
	GlobalSection(SolutionConfigurationPlatforms) = preSolution
		Debug|Any CPU = Debug|Any CPU
		Release|Any CPU = Release|Any CPU
	EndGlobalSection
	GlobalSection(ProjectConfigurationPlatforms) = postSolution
		{1E17F450-A9B8-4B49-9448-9E31E75F5A67}.Debug|Any CPU.ActiveCfg = Debug|Any CPU
		{1E17F450-A9B8-4B49-9448-9E31E75F5A67}.Debug|Any CPU.Build.0 = Debug|Any CPU
		{1E17F450-A9B8-4B49-9448-9E31E75F5A67}.Release|Any CPU.ActiveCfg = Release|Any CPU
		{1E17F450-A9B8-4B49-9448-9E31E75F5A67}.Release|Any CPU.Build.0 = Release|Any CPU
		{6988DA0E-36CF-471C-90B7-92785E313F10}.Debug|Any CPU.ActiveCfg = Debug|Any CPU
		{6988DA0E-36CF-471C-90B7-92785E313F10}.Debug|Any CPU.Build.0 = Debug|Any CPU
		{6988DA0E-36CF-471C-90B7-92785E313F10}.Release|Any CPU.ActiveCfg = Release|Any CPU
		{6988DA0E-36CF-471C-90B7-92785E313F10}.Release|Any CPU.Build.0 = Release|Any CPU
		{6DE21B3B-24D0-4810-BC3F-2188CCABA6FF}.Debug|Any CPU.ActiveCfg = Debug|Any CPU
		{6DE21B3B-24D0-4810-BC3F-2188CCABA6FF}.Debug|Any CPU.Build.0 = Debug|Any CPU
		{6DE21B3B-24D0-4810-BC3F-2188CCABA6FF}.Release|Any CPU.ActiveCfg = Release|Any CPU
		{6DE21B3B-24D0-4810-BC3F-2188CCABA6FF}.Release|Any CPU.Build.0 = Release|Any CPU
		{93AC3BBF-8A21-4D93-8B99-15B1902F8E28}.Debug|Any CPU.ActiveCfg = Debug|Any CPU
		{93AC3BBF-8A21-4D93-8B99-15B1902F8E28}.Debug|Any CPU.Build.0 = Debug|Any CPU
		{93AC3BBF-8A21-4D93-8B99-15B1902F8E28}.Release|Any CPU.ActiveCfg = Release|Any CPU
		{93AC3BBF-8A21-4D93-8B99-15B1902F8E28}.Release|Any CPU.Build.0 = Release|Any CPU
		{920F94E7-7EC0-4CF6-AA10-00AC6C7EE25F}.Debug|Any CPU.ActiveCfg = Debug|Any CPU
		{920F94E7-7EC0-4CF6-AA10-00AC6C7EE25F}.Debug|Any CPU.Build.0 = Debug|Any CPU
		{920F94E7-7EC0-4CF6-AA10-00AC6C7EE25F}.Release|Any CPU.ActiveCfg = Release|Any CPU
		{920F94E7-7EC0-4CF6-AA10-00AC6C7EE25F}.Release|Any CPU.Build.0 = Release|Any CPU
		{1510F11F-55C1-49B8-9D3E-C2157B99B368}.Debug|Any CPU.ActiveCfg = Debug|Any CPU
		{1510F11F-55C1-49B8-9D3E-C2157B99B368}.Debug|Any CPU.Build.0 = Debug|Any CPU
		{1510F11F-55C1-49B8-9D3E-C2157B99B368}.Release|Any CPU.ActiveCfg = Release|Any CPU
		{1510F11F-55C1-49B8-9D3E-C2157B99B368}.Release|Any CPU.Build.0 = Release|Any CPU
		{8CD9653A-D60C-41F6-8432-F3B8CD84359A}.Debug|Any CPU.ActiveCfg = Debug|Any CPU
		{8CD9653A-D60C-41F6-8432-F3B8CD84359A}.Debug|Any CPU.Build.0 = Debug|Any CPU
		{8CD9653A-D60C-41F6-8432-F3B8CD84359A}.Release|Any CPU.ActiveCfg = Release|Any CPU
		{8CD9653A-D60C-41F6-8432-F3B8CD84359A}.Release|Any CPU.Build.0 = Release|Any CPU
		{80E412B7-86A8-4729-8C8E-0408593CE36B}.Debug|Any CPU.ActiveCfg = Debug|Any CPU
		{80E412B7-86A8-4729-8C8E-0408593CE36B}.Debug|Any CPU.Build.0 = Debug|Any CPU
		{80E412B7-86A8-4729-8C8E-0408593CE36B}.Release|Any CPU.ActiveCfg = Release|Any CPU
		{80E412B7-86A8-4729-8C8E-0408593CE36B}.Release|Any CPU.Build.0 = Release|Any CPU
		{EA30AC3C-850F-496F-A380-115C4342F4D2}.Debug|Any CPU.ActiveCfg = Debug|Any CPU
		{EA30AC3C-850F-496F-A380-115C4342F4D2}.Debug|Any CPU.Build.0 = Debug|Any CPU
		{EA30AC3C-850F-496F-A380-115C4342F4D2}.Release|Any CPU.ActiveCfg = Release|Any CPU
		{EA30AC3C-850F-496F-A380-115C4342F4D2}.Release|Any CPU.Build.0 = Release|Any CPU
		{8A7021F4-D5CB-403D-B55C-760D819FD403}.Debug|Any CPU.ActiveCfg = Debug|Any CPU
		{8A7021F4-D5CB-403D-B55C-760D819FD403}.Debug|Any CPU.Build.0 = Debug|Any CPU
		{8A7021F4-D5CB-403D-B55C-760D819FD403}.Release|Any CPU.ActiveCfg = Release|Any CPU
		{8A7021F4-D5CB-403D-B55C-760D819FD403}.Release|Any CPU.Build.0 = Release|Any CPU
		{F7879FC0-206E-4691-A6FE-1F19BCD03AAE}.Debug|Any CPU.ActiveCfg = Debug|Any CPU
		{F7879FC0-206E-4691-A6FE-1F19BCD03AAE}.Debug|Any CPU.Build.0 = Debug|Any CPU
		{F7879FC0-206E-4691-A6FE-1F19BCD03AAE}.Release|Any CPU.ActiveCfg = Release|Any CPU
		{F7879FC0-206E-4691-A6FE-1F19BCD03AAE}.Release|Any CPU.Build.0 = Release|Any CPU
		{334E4747-6C96-4843-85F3-3E596A3D5E8C}.Debug|Any CPU.ActiveCfg = Debug|Any CPU
		{334E4747-6C96-4843-85F3-3E596A3D5E8C}.Debug|Any CPU.Build.0 = Debug|Any CPU
		{334E4747-6C96-4843-85F3-3E596A3D5E8C}.Release|Any CPU.ActiveCfg = Release|Any CPU
		{334E4747-6C96-4843-85F3-3E596A3D5E8C}.Release|Any CPU.Build.0 = Release|Any CPU
		{054D028D-CB2A-435A-84FC-50E55A47404E}.Debug|Any CPU.ActiveCfg = Debug|Any CPU
		{054D028D-CB2A-435A-84FC-50E55A47404E}.Debug|Any CPU.Build.0 = Debug|Any CPU
		{054D028D-CB2A-435A-84FC-50E55A47404E}.Release|Any CPU.ActiveCfg = Release|Any CPU
		{054D028D-CB2A-435A-84FC-50E55A47404E}.Release|Any CPU.Build.0 = Release|Any CPU
	EndGlobalSection
	GlobalSection(SolutionProperties) = preSolution
		HideSolutionNode = FALSE
	EndGlobalSection
	GlobalSection(NestedProjects) = preSolution
		{30043C45-A19A-41D8-85F2-0F7AC113FDFC} = {1D783554-E984-4AE7-B1EF-FAEBB29042B8}
		{B9A26A52-1F09-4E90-8986-B76B0D2EAB58} = {1D783554-E984-4AE7-B1EF-FAEBB29042B8}
		{ED2F2ACD-09C7-4FD9-A934-875FB6CB2975} = {1D783554-E984-4AE7-B1EF-FAEBB29042B8}
		{376B8B8E-2E82-4712-AD80-DD4F6896677F} = {1D783554-E984-4AE7-B1EF-FAEBB29042B8}
		{1E17F450-A9B8-4B49-9448-9E31E75F5A67} = {B9A26A52-1F09-4E90-8986-B76B0D2EAB58}
		{6988DA0E-36CF-471C-90B7-92785E313F10} = {B9A26A52-1F09-4E90-8986-B76B0D2EAB58}
		{0256685E-83BC-434E-A6FD-9F4E53F56FEE} = {ED2F2ACD-09C7-4FD9-A934-875FB6CB2975}
		{1D329C74-8DF1-479C-A665-3D2EC9AFB8DE} = {ED2F2ACD-09C7-4FD9-A934-875FB6CB2975}
		{F6D2A768-5ACC-44B6-8CE4-CE5DC667AA6F} = {ED2F2ACD-09C7-4FD9-A934-875FB6CB2975}
		{B0A3E46B-14C5-4365-95FD-8157F2E3E869} = {ED2F2ACD-09C7-4FD9-A934-875FB6CB2975}
		{1E4012C1-B995-4708-9C31-8CC04F4A51E8} = {ED2F2ACD-09C7-4FD9-A934-875FB6CB2975}
		{9E3FDA0C-984E-47D5-B38A-9795C1BE394A} = {ED2F2ACD-09C7-4FD9-A934-875FB6CB2975}
		{6DE21B3B-24D0-4810-BC3F-2188CCABA6FF} = {376B8B8E-2E82-4712-AD80-DD4F6896677F}
		{93AC3BBF-8A21-4D93-8B99-15B1902F8E28} = {0256685E-83BC-434E-A6FD-9F4E53F56FEE}
		{920F94E7-7EC0-4CF6-AA10-00AC6C7EE25F} = {1D329C74-8DF1-479C-A665-3D2EC9AFB8DE}
		{1510F11F-55C1-49B8-9D3E-C2157B99B368} = {F6D2A768-5ACC-44B6-8CE4-CE5DC667AA6F}
		{8CD9653A-D60C-41F6-8432-F3B8CD84359A} = {B0A3E46B-14C5-4365-95FD-8157F2E3E869}
		{80E412B7-86A8-4729-8C8E-0408593CE36B} = {1E4012C1-B995-4708-9C31-8CC04F4A51E8}
		{EA30AC3C-850F-496F-A380-115C4342F4D2} = {9E3FDA0C-984E-47D5-B38A-9795C1BE394A}
		{8A7021F4-D5CB-403D-B55C-760D819FD403} = {B9A26A52-1F09-4E90-8986-B76B0D2EAB58}
		{F7879FC0-206E-4691-A6FE-1F19BCD03AAE} = {B9A26A52-1F09-4E90-8986-B76B0D2EAB58}
		{334E4747-6C96-4843-85F3-3E596A3D5E8C} = {B9A26A52-1F09-4E90-8986-B76B0D2EAB58}
		{054D028D-CB2A-435A-84FC-50E55A47404E} = {30043C45-A19A-41D8-85F2-0F7AC113FDFC}
	EndGlobalSection
	GlobalSection(ExtensibilityGlobals) = postSolution
		SolutionGuid = {EBB0AF35-B719-4905-B160-4D85EDBB3608}
	EndGlobalSection
EndGlobal
